
Microsoft Visual Studio Solution File, Format Version 12.00
# Visual Studio Version 16
VisualStudioVersion = 16.0.31729.503
MinimumVisualStudioVersion = 10.0.40219.1
Project("{FAE04EC0-301F-11D3-BF4B-00C04F79EFBC}") = "OnlineShop", "OnlineShop\OnlineShop.csproj", "{ED12AD15-281D-4B10-BB03-1E84474AA75F}"
EndProject
Global
	GlobalSection(SolutionConfigurationPlatforms) = preSolution
		Debug|Any CPU = Debug|Any CPU
		Release|Any CPU = Release|Any CPU
	EndGlobalSection
	GlobalSection(ProjectConfigurationPlatforms) = postSolution
		{ED12AD15-281D-4B10-BB03-1E84474AA75F}.Debug|Any CPU.ActiveCfg = Debug|Any CPU
		{ED12AD15-281D-4B10-BB03-1E84474AA75F}.Debug|Any CPU.Build.0 = Debug|Any CPU
		{ED12AD15-281D-4B10-BB03-1E84474AA75F}.Release|Any CPU.ActiveCfg = Release|Any CPU
		{ED12AD15-281D-4B10-BB03-1E84474AA75F}.Release|Any CPU.Build.0 = Release|Any CPU
	EndGlobalSection
	GlobalSection(SolutionProperties) = preSolution
		HideSolutionNode = FALSE
	EndGlobalSection
	GlobalSection(ExtensibilityGlobals) = postSolution
		SolutionGuid = {92192AE5-C04B-4C3F-B936-3E3D7B258D5C}
	EndGlobalSection
EndGlobal
